
Microsoft Visual Studio Solution File, Format Version 12.00
# Visual Studio 15
VisualStudioVersion = 15.0.28307.1209
MinimumVisualStudioVersion = 10.0.40219.1
Project("{FAE04EC0-301F-11D3-BF4B-00C04F79EFBC}") = "APIAverbaPorto", "APIAverbaPorto\APIAverbaPorto.csproj", "{869A44A6-01C6-4C8B-923C-9D41337A3D25}"
EndProject
Global
	GlobalSection(SolutionConfigurationPlatforms) = preSolution
		Debug|Any CPU = Debug|Any CPU
		Release|Any CPU = Release|Any CPU
	EndGlobalSection
	GlobalSection(ProjectConfigurationPlatforms) = postSolution
		{869A44A6-01C6-4C8B-923C-9D41337A3D25}.Debug|Any CPU.ActiveCfg = Debug|Any CPU
		{869A44A6-01C6-4C8B-923C-9D41337A3D25}.Debug|Any CPU.Build.0 = Debug|Any CPU
		{869A44A6-01C6-4C8B-923C-9D41337A3D25}.Release|Any CPU.ActiveCfg = Release|Any CPU
		{869A44A6-01C6-4C8B-923C-9D41337A3D25}.Release|Any CPU.Build.0 = Release|Any CPU
	EndGlobalSection
	GlobalSection(SolutionProperties) = preSolution
		HideSolutionNode = FALSE
	EndGlobalSection
	GlobalSection(ExtensibilityGlobals) = postSolution
		SolutionGuid = {5DA48367-5AF1-4149-8F08-CC9EC6BCB1B2}
	EndGlobalSection
EndGlobal
